// !$*UTF8*$!
{
	archiveVersion = 1;
	classes = {
	};
	objectVersion = 55;
	objects = {

/* Begin PBXBuildFile section */
		9C1A0A1A28A3978200C0A575 /* UIView+Ext.swift in Sources */ = {isa = PBXBuildFile; fileRef = 9C1A0A1928A3978200C0A575 /* UIView+Ext.swift */; };
		9C1A0A2128A39FB800C0A575 /* UITextField+Ext.swift in Sources */ = {isa = PBXBuildFile; fileRef = 9C1A0A2028A39FB800C0A575 /* UITextField+Ext.swift */; };
		9C248AB0289BB24B00B7D28C /* AppDelegate.swift in Sources */ = {isa = PBXBuildFile; fileRef = 9C248AAF289BB24B00B7D28C /* AppDelegate.swift */; };
		9C248AB2289BB24B00B7D28C /* SceneDelegate.swift in Sources */ = {isa = PBXBuildFile; fileRef = 9C248AB1289BB24B00B7D28C /* SceneDelegate.swift */; };
		9C248AB4289BB24B00B7D28C /* ConversationsViewController.swift in Sources */ = {isa = PBXBuildFile; fileRef = 9C248AB3289BB24B00B7D28C /* ConversationsViewController.swift */; };
		9C248AB7289BB24B00B7D28C /* Main.storyboard in Resources */ = {isa = PBXBuildFile; fileRef = 9C248AB5289BB24B00B7D28C /* Main.storyboard */; };
		9C248AB9289BB24C00B7D28C /* Assets.xcassets in Resources */ = {isa = PBXBuildFile; fileRef = 9C248AB8289BB24C00B7D28C /* Assets.xcassets */; };
		9C248ABC289BB24C00B7D28C /* LaunchScreen.storyboard in Resources */ = {isa = PBXBuildFile; fileRef = 9C248ABA289BB24C00B7D28C /* LaunchScreen.storyboard */; };
		9C248ACA289BB50900B7D28C /* LoginViewController.swift in Sources */ = {isa = PBXBuildFile; fileRef = 9C248AC9289BB50900B7D28C /* LoginViewController.swift */; };
		9C248ACC289BB51500B7D28C /* RegisterViewController.swift in Sources */ = {isa = PBXBuildFile; fileRef = 9C248ACB289BB51500B7D28C /* RegisterViewController.swift */; };
		9C248ACE289BB53600B7D28C /* PhotoViewerViewController.swift in Sources */ = {isa = PBXBuildFile; fileRef = 9C248ACD289BB53600B7D28C /* PhotoViewerViewController.swift */; };
		9C248AD0289BB54300B7D28C /* VideoPlayerViewController.swift in Sources */ = {isa = PBXBuildFile; fileRef = 9C248ACF289BB54300B7D28C /* VideoPlayerViewController.swift */; };
		9C248AD2289BB56100B7D28C /* NewConversationViewController.swift in Sources */ = {isa = PBXBuildFile; fileRef = 9C248AD1289BB56100B7D28C /* NewConversationViewController.swift */; };
		9C248AD4289BB57500B7D28C /* ProfileViewController.swift in Sources */ = {isa = PBXBuildFile; fileRef = 9C248AD3289BB57500B7D28C /* ProfileViewController.swift */; };
/* End PBXBuildFile section */

/* Begin PBXFileReference section */
		9C1A0A1928A3978200C0A575 /* UIView+Ext.swift */ = {isa = PBXFileReference; lastKnownFileType = sourcecode.swift; path = "UIView+Ext.swift"; sourceTree = "<group>"; };
		9C1A0A2028A39FB800C0A575 /* UITextField+Ext.swift */ = {isa = PBXFileReference; lastKnownFileType = sourcecode.swift; path = "UITextField+Ext.swift"; sourceTree = "<group>"; };
		9C248AAC289BB24B00B7D28C /* FirebaseChatApp.app */ = {isa = PBXFileReference; explicitFileType = wrapper.application; includeInIndex = 0; path = FirebaseChatApp.app; sourceTree = BUILT_PRODUCTS_DIR; };
		9C248AAF289BB24B00B7D28C /* AppDelegate.swift */ = {isa = PBXFileReference; lastKnownFileType = sourcecode.swift; path = AppDelegate.swift; sourceTree = "<group>"; };
		9C248AB1289BB24B00B7D28C /* SceneDelegate.swift */ = {isa = PBXFileReference; lastKnownFileType = sourcecode.swift; path = SceneDelegate.swift; sourceTree = "<group>"; };
		9C248AB3289BB24B00B7D28C /* ConversationsViewController.swift */ = {isa = PBXFileReference; lastKnownFileType = sourcecode.swift; path = ConversationsViewController.swift; sourceTree = "<group>"; };
		9C248AB6289BB24B00B7D28C /* Base */ = {isa = PBXFileReference; lastKnownFileType = file.storyboard; name = Base; path = Base.lproj/Main.storyboard; sourceTree = "<group>"; };
		9C248AB8289BB24C00B7D28C /* Assets.xcassets */ = {isa = PBXFileReference; lastKnownFileType = folder.assetcatalog; path = Assets.xcassets; sourceTree = "<group>"; };
		9C248ABB289BB24C00B7D28C /* Base */ = {isa = PBXFileReference; lastKnownFileType = file.storyboard; name = Base; path = Base.lproj/LaunchScreen.storyboard; sourceTree = "<group>"; };
		9C248ABD289BB24C00B7D28C /* Info.plist */ = {isa = PBXFileReference; lastKnownFileType = text.plist.xml; path = Info.plist; sourceTree = "<group>"; };
		9C248AC9289BB50900B7D28C /* LoginViewController.swift */ = {isa = PBXFileReference; lastKnownFileType = sourcecode.swift; path = LoginViewController.swift; sourceTree = "<group>"; };
		9C248ACB289BB51500B7D28C /* RegisterViewController.swift */ = {isa = PBXFileReference; lastKnownFileType = sourcecode.swift; path = RegisterViewController.swift; sourceTree = "<group>"; };
		9C248ACD289BB53600B7D28C /* PhotoViewerViewController.swift */ = {isa = PBXFileReference; lastKnownFileType = sourcecode.swift; path = PhotoViewerViewController.swift; sourceTree = "<group>"; };
		9C248ACF289BB54300B7D28C /* VideoPlayerViewController.swift */ = {isa = PBXFileReference; lastKnownFileType = sourcecode.swift; path = VideoPlayerViewController.swift; sourceTree = "<group>"; };
		9C248AD1289BB56100B7D28C /* NewConversationViewController.swift */ = {isa = PBXFileReference; lastKnownFileType = sourcecode.swift; path = NewConversationViewController.swift; sourceTree = "<group>"; };
		9C248AD3289BB57500B7D28C /* ProfileViewController.swift */ = {isa = PBXFileReference; lastKnownFileType = sourcecode.swift; path = ProfileViewController.swift; sourceTree = "<group>"; };
/* End PBXFileReference section */

/* Begin PBXFrameworksBuildPhase section */
		9C248AA9289BB24B00B7D28C /* Frameworks */ = {
			isa = PBXFrameworksBuildPhase;
			buildActionMask = 2147483647;
			files = (
			);
			runOnlyForDeploymentPostprocessing = 0;
		};
/* End PBXFrameworksBuildPhase section */

/* Begin PBXGroup section */
		9C1A0A1628A394AA00C0A575 /* Login */ = {
			isa = PBXGroup;
			children = (
				9C248AC9289BB50900B7D28C /* LoginViewController.swift */,
			);
			path = Login;
			sourceTree = "<group>";
		};
		9C1A0A1728A394B500C0A575 /* Register */ = {
			isa = PBXGroup;
			children = (
				9C248ACB289BB51500B7D28C /* RegisterViewController.swift */,
			);
			path = Register;
			sourceTree = "<group>";
		};
		9C1A0A1828A3974900C0A575 /* Extensions */ = {
			isa = PBXGroup;
			children = (
				9C1A0A1928A3978200C0A575 /* UIView+Ext.swift */,
				9C1A0A2028A39FB800C0A575 /* UITextField+Ext.swift */,
			);
			path = Extensions;
			sourceTree = "<group>";
		};
		9C248AA3289BB24B00B7D28C = {
			isa = PBXGroup;
			children = (
				9C248AAE289BB24B00B7D28C /* FirebaseChatApp */,
				9C248AAD289BB24B00B7D28C /* Products */,
			);
			sourceTree = "<group>";
		};
		9C248AAD289BB24B00B7D28C /* Products */ = {
			isa = PBXGroup;
			children = (
				9C248AAC289BB24B00B7D28C /* FirebaseChatApp.app */,
			);
			name = Products;
			sourceTree = "<group>";
		};
		9C248AAE289BB24B00B7D28C /* FirebaseChatApp */ = {
			isa = PBXGroup;
			children = (
				9C248ABD289BB24C00B7D28C /* Info.plist */,
				9C248AC6289BB3B600B7D28C /* Applications */,
				9C248AC3289BB3A100B7D28C /* Controllers */,
				9C1A0A1828A3974900C0A575 /* Extensions */,
				9C248AC5289BB3AF00B7D28C /* Models */,
				9C248AC7289BB3EB00B7D28C /* ViewModels */,
				9C248AC4289BB3A900B7D28C /* Views */,
			);
			path = FirebaseChatApp;
			sourceTree = "<group>";
		};
		9C248AC3289BB3A100B7D28C /* Controllers */ = {
			isa = PBXGroup;
			children = (
				9C248AB3289BB24B00B7D28C /* ConversationsViewController.swift */,
				9C248AD1289BB56100B7D28C /* NewConversationViewController.swift */,
				9C248ACD289BB53600B7D28C /* PhotoViewerViewController.swift */,
				9C248AD3289BB57500B7D28C /* ProfileViewController.swift */,
				9C248ACF289BB54300B7D28C /* VideoPlayerViewController.swift */,
				9C1A0A1628A394AA00C0A575 /* Login */,
				9C1A0A1728A394B500C0A575 /* Register */,
			);
			path = Controllers;
			sourceTree = "<group>";
		};
		9C248AC4289BB3A900B7D28C /* Views */ = {
			isa = PBXGroup;
			children = (
				9C248AC8289BB40C00B7D28C /* Storyboards */,
				9C248AB8289BB24C00B7D28C /* Assets.xcassets */,
			);
			path = Views;
			sourceTree = "<group>";
		};
		9C248AC5289BB3AF00B7D28C /* Models */ = {
			isa = PBXGroup;
			children = (
			);
			path = Models;
			sourceTree = "<group>";
		};
		9C248AC6289BB3B600B7D28C /* Applications */ = {
			isa = PBXGroup;
			children = (
				9C248AAF289BB24B00B7D28C /* AppDelegate.swift */,
				9C248AB1289BB24B00B7D28C /* SceneDelegate.swift */,
			);
			path = Applications;
			sourceTree = "<group>";
		};
		9C248AC7289BB3EB00B7D28C /* ViewModels */ = {
			isa = PBXGroup;
			children = (
			);
			path = ViewModels;
			sourceTree = "<group>";
		};
		9C248AC8289BB40C00B7D28C /* Storyboards */ = {
			isa = PBXGroup;
			children = (
				9C248AB5289BB24B00B7D28C /* Main.storyboard */,
				9C248ABA289BB24C00B7D28C /* LaunchScreen.storyboard */,
			);
			path = Storyboards;
			sourceTree = "<group>";
		};
/* End PBXGroup section */

/* Begin PBXNativeTarget section */
		9C248AAB289BB24B00B7D28C /* FirebaseChatApp */ = {
			isa = PBXNativeTarget;
			buildConfigurationList = 9C248AC0289BB24C00B7D28C /* Build configuration list for PBXNativeTarget "FirebaseChatApp" */;
			buildPhases = (
				9C248AA8289BB24B00B7D28C /* Sources */,
				9C248AA9289BB24B00B7D28C /* Frameworks */,
				9C248AAA289BB24B00B7D28C /* Resources */,
			);
			buildRules = (
			);
			dependencies = (
			);
			name = FirebaseChatApp;
			productName = FirebaseChatApp;
			productReference = 9C248AAC289BB24B00B7D28C /* FirebaseChatApp.app */;
			productType = "com.apple.product-type.application";
		};
/* End PBXNativeTarget section */

/* Begin PBXProject section */
		9C248AA4289BB24B00B7D28C /* Project object */ = {
			isa = PBXProject;
			attributes = {
				BuildIndependentTargetsInParallel = 1;
				LastSwiftUpdateCheck = 1340;
				LastUpgradeCheck = 1340;
				TargetAttributes = {
					9C248AAB289BB24B00B7D28C = {
						CreatedOnToolsVersion = 13.4.1;
					};
				};
			};
			buildConfigurationList = 9C248AA7289BB24B00B7D28C /* Build configuration list for PBXProject "FirebaseChatApp" */;
			compatibilityVersion = "Xcode 13.0";
			developmentRegion = en;
			hasScannedForEncodings = 0;
			knownRegions = (
				en,
				Base,
			);
			mainGroup = 9C248AA3289BB24B00B7D28C;
			productRefGroup = 9C248AAD289BB24B00B7D28C /* Products */;
			projectDirPath = "";
			projectRoot = "";
			targets = (
				9C248AAB289BB24B00B7D28C /* FirebaseChatApp */,
			);
		};
/* End PBXProject section */

/* Begin PBXResourcesBuildPhase section */
		9C248AAA289BB24B00B7D28C /* Resources */ = {
			isa = PBXResourcesBuildPhase;
			buildActionMask = 2147483647;
			files = (
				9C248ABC289BB24C00B7D28C /* LaunchScreen.storyboard in Resources */,
				9C248AB9289BB24C00B7D28C /* Assets.xcassets in Resources */,
				9C248AB7289BB24B00B7D28C /* Main.storyboard in Resources */,
			);
			runOnlyForDeploymentPostprocessing = 0;
		};
/* End PBXResourcesBuildPhase section */

/* Begin PBXSourcesBuildPhase section */
		9C248AA8289BB24B00B7D28C /* Sources */ = {
			isa = PBXSourcesBuildPhase;
			buildActionMask = 2147483647;
			files = (
				9C248ACA289BB50900B7D28C /* LoginViewController.swift in Sources */,
				9C248ACC289BB51500B7D28C /* RegisterViewController.swift in Sources */,
				9C1A0A2128A39FB800C0A575 /* UITextField+Ext.swift in Sources */,
				9C1A0A1A28A3978200C0A575 /* UIView+Ext.swift in Sources */,
				9C248AD2289BB56100B7D28C /* NewConversationViewController.swift in Sources */,
				9C248AB4289BB24B00B7D28C /* ConversationsViewController.swift in Sources */,
				9C248AD0289BB54300B7D28C /* VideoPlayerViewController.swift in Sources */,
				9C248AB0289BB24B00B7D28C /* AppDelegate.swift in Sources */,
				9C248AD4289BB57500B7D28C /* ProfileViewController.swift in Sources */,
				9C248AB2289BB24B00B7D28C /* SceneDelegate.swift in Sources */,
				9C248ACE289BB53600B7D28C /* PhotoViewerViewController.swift in Sources */,
			);
			runOnlyForDeploymentPostprocessing = 0;
		};
/* End PBXSourcesBuildPhase section */

/* Begin PBXVariantGroup section */
		9C248AB5289BB24B00B7D28C /* Main.storyboard */ = {
			isa = PBXVariantGroup;
			children = (
				9C248AB6289BB24B00B7D28C /* Base */,
			);
			name = Main.storyboard;
			sourceTree = "<group>";
		};
		9C248ABA289BB24C00B7D28C /* LaunchScreen.storyboard */ = {
			isa = PBXVariantGroup;
			children = (
				9C248ABB289BB24C00B7D28C /* Base */,
			);
			name = LaunchScreen.storyboard;
			sourceTree = "<group>";
		};
/* End PBXVariantGroup section */

/* Begin XCBuildConfiguration section */
		9C248ABE289BB24C00B7D28C /* Debug */ = {
			isa = XCBuildConfiguration;
			buildSettings = {
				ALWAYS_SEARCH_USER_PATHS = NO;
				CLANG_ANALYZER_NONNULL = YES;
				CLANG_ANALYZER_NUMBER_OBJECT_CONVERSION = YES_AGGRESSIVE;
				CLANG_CXX_LANGUAGE_STANDARD = "gnu++17";
				CLANG_ENABLE_MODULES = YES;
				CLANG_ENABLE_OBJC_ARC = YES;
				CLANG_ENABLE_OBJC_WEAK = YES;
				CLANG_WARN_BLOCK_CAPTURE_AUTORELEASING = YES;
				CLANG_WARN_BOOL_CONVERSION = YES;
				CLANG_WARN_COMMA = YES;
				CLANG_WARN_CONSTANT_CONVERSION = YES;
				CLANG_WARN_DEPRECATED_OBJC_IMPLEMENTATIONS = YES;
				CLANG_WARN_DIRECT_OBJC_ISA_USAGE = YES_ERROR;
				CLANG_WARN_DOCUMENTATION_COMMENTS = YES;
				CLANG_WARN_EMPTY_BODY = YES;
				CLANG_WARN_ENUM_CONVERSION = YES;
				CLANG_WARN_INFINITE_RECURSION = YES;
				CLANG_WARN_INT_CONVERSION = YES;
				CLANG_WARN_NON_LITERAL_NULL_CONVERSION = YES;
				CLANG_WARN_OBJC_IMPLICIT_RETAIN_SELF = YES;
				CLANG_WARN_OBJC_LITERAL_CONVERSION = YES;
				CLANG_WARN_OBJC_ROOT_CLASS = YES_ERROR;
				CLANG_WARN_QUOTED_INCLUDE_IN_FRAMEWORK_HEADER = YES;
				CLANG_WARN_RANGE_LOOP_ANALYSIS = YES;
				CLANG_WARN_STRICT_PROTOTYPES = YES;
				CLANG_WARN_SUSPICIOUS_MOVE = YES;
				CLANG_WARN_UNGUARDED_AVAILABILITY = YES_AGGRESSIVE;
				CLANG_WARN_UNREACHABLE_CODE = YES;
				CLANG_WARN__DUPLICATE_METHOD_MATCH = YES;
				COPY_PHASE_STRIP = NO;
				DEBUG_INFORMATION_FORMAT = dwarf;
				ENABLE_STRICT_OBJC_MSGSEND = YES;
				ENABLE_TESTABILITY = YES;
				GCC_C_LANGUAGE_STANDARD = gnu11;
				GCC_DYNAMIC_NO_PIC = NO;
				GCC_NO_COMMON_BLOCKS = YES;
				GCC_OPTIMIZATION_LEVEL = 0;
				GCC_PREPROCESSOR_DEFINITIONS = (
					"DEBUG=1",
					"$(inherited)",
				);
				GCC_WARN_64_TO_32_BIT_CONVERSION = YES;
				GCC_WARN_ABOUT_RETURN_TYPE = YES_ERROR;
				GCC_WARN_UNDECLARED_SELECTOR = YES;
				GCC_WARN_UNINITIALIZED_AUTOS = YES_AGGRESSIVE;
				GCC_WARN_UNUSED_FUNCTION = YES;
				GCC_WARN_UNUSED_VARIABLE = YES;
				IPHONEOS_DEPLOYMENT_TARGET = 15.5;
				MTL_ENABLE_DEBUG_INFO = INCLUDE_SOURCE;
				MTL_FAST_MATH = YES;
				ONLY_ACTIVE_ARCH = YES;
				SDKROOT = iphoneos;
				SWIFT_ACTIVE_COMPILATION_CONDITIONS = DEBUG;
				SWIFT_OPTIMIZATION_LEVEL = "-Onone";
			};
			name = Debug;
		};
		9C248ABF289BB24C00B7D28C /* Release */ = {
			isa = XCBuildConfiguration;
			buildSettings = {
				ALWAYS_SEARCH_USER_PATHS = NO;
				CLANG_ANALYZER_NONNULL = YES;
				CLANG_ANALYZER_NUMBER_OBJECT_CONVERSION = YES_AGGRESSIVE;
				CLANG_CXX_LANGUAGE_STANDARD = "gnu++17";
				CLANG_ENABLE_MODULES = YES;
				CLANG_ENABLE_OBJC_ARC = YES;
				CLANG_ENABLE_OBJC_WEAK = YES;
				CLANG_WARN_BLOCK_CAPTURE_AUTORELEASING = YES;
				CLANG_WARN_BOOL_CONVERSION = YES;
				CLANG_WARN_COMMA = YES;
				CLANG_WARN_CONSTANT_CONVERSION = YES;
				CLANG_WARN_DEPRECATED_OBJC_IMPLEMENTATIONS = YES;
				CLANG_WARN_DIRECT_OBJC_ISA_USAGE = YES_ERROR;
				CLANG_WARN_DOCUMENTATION_COMMENTS = YES;
				CLANG_WARN_EMPTY_BODY = YES;
				CLANG_WARN_ENUM_CONVERSION = YES;
				CLANG_WARN_INFINITE_RECURSION = YES;
				CLANG_WARN_INT_CONVERSION = YES;
				CLANG_WARN_NON_LITERAL_NULL_CONVERSION = YES;
				CLANG_WARN_OBJC_IMPLICIT_RETAIN_SELF = YES;
				CLANG_WARN_OBJC_LITERAL_CONVERSION = YES;
				CLANG_WARN_OBJC_ROOT_CLASS = YES_ERROR;
				CLANG_WARN_QUOTED_INCLUDE_IN_FRAMEWORK_HEADER = YES;
				CLANG_WARN_RANGE_LOOP_ANALYSIS = YES;
				CLANG_WARN_STRICT_PROTOTYPES = YES;
				CLANG_WARN_SUSPICIOUS_MOVE = YES;
				CLANG_WARN_UNGUARDED_AVAILABILITY = YES_AGGRESSIVE;
				CLANG_WARN_UNREACHABLE_CODE = YES;
				CLANG_WARN__DUPLICATE_METHOD_MATCH = YES;
				COPY_PHASE_STRIP = NO;
				DEBUG_INFORMATION_FORMAT = "dwarf-with-dsym";
				ENABLE_NS_ASSERTIONS = NO;
				ENABLE_STRICT_OBJC_MSGSEND = YES;
				GCC_C_LANGUAGE_STANDARD = gnu11;
				GCC_NO_COMMON_BLOCKS = YES;
				GCC_WARN_64_TO_32_BIT_CONVERSION = YES;
				GCC_WARN_ABOUT_RETURN_TYPE = YES_ERROR;
				GCC_WARN_UNDECLARED_SELECTOR = YES;
				GCC_WARN_UNINITIALIZED_AUTOS = YES_AGGRESSIVE;
				GCC_WARN_UNUSED_FUNCTION = YES;
				GCC_WARN_UNUSED_VARIABLE = YES;
				IPHONEOS_DEPLOYMENT_TARGET = 15.5;
				MTL_ENABLE_DEBUG_INFO = NO;
				MTL_FAST_MATH = YES;
				SDKROOT = iphoneos;
				SWIFT_COMPILATION_MODE = wholemodule;
				SWIFT_OPTIMIZATION_LEVEL = "-O";
				VALIDATE_PRODUCT = YES;
			};
			name = Release;
		};
		9C248AC1289BB24C00B7D28C /* Debug */ = {
			isa = XCBuildConfiguration;
			buildSettings = {
				ASSETCATALOG_COMPILER_APPICON_NAME = AppIcon;
				ASSETCATALOG_COMPILER_GLOBAL_ACCENT_COLOR_NAME = AccentColor;
				CODE_SIGN_STYLE = Automatic;
				CURRENT_PROJECT_VERSION = 1;
				DEVELOPMENT_TEAM = G3UA86558Q;
				GENERATE_INFOPLIST_FILE = YES;
				INFOPLIST_FILE = FirebaseChatApp/Info.plist;
				INFOPLIST_KEY_UIApplicationSupportsIndirectInputEvents = YES;
				INFOPLIST_KEY_UILaunchStoryboardName = LaunchScreen;
				INFOPLIST_KEY_UIMainStoryboardFile = Main;
				INFOPLIST_KEY_UISupportedInterfaceOrientations = UIInterfaceOrientationPortrait;
				INFOPLIST_KEY_UISupportedInterfaceOrientations_iPad = "UIInterfaceOrientationPortrait UIInterfaceOrientationPortraitUpsideDown UIInterfaceOrientationLandscapeLeft UIInterfaceOrientationLandscapeRight";
				INFOPLIST_KEY_UISupportedInterfaceOrientations_iPhone = "UIInterfaceOrientationPortrait UIInterfaceOrientationLandscapeLeft UIInterfaceOrientationLandscapeRight";
				LD_RUNPATH_SEARCH_PATHS = (
					"$(inherited)",
					"@executable_path/Frameworks",
				);
				MARKETING_VERSION = 1.0;
				PRODUCT_BUNDLE_IDENTIFIER = com.didik.FirebaseChatApp;
				PRODUCT_NAME = "$(TARGET_NAME)";
				SWIFT_EMIT_LOC_STRINGS = YES;
				SWIFT_VERSION = 5.0;
				TARGETED_DEVICE_FAMILY = "1,2";
			};
			name = Debug;
		};
		9C248AC2289BB24C00B7D28C /* Release */ = {
			isa = XCBuildConfiguration;
			buildSettings = {
				ASSETCATALOG_COMPILER_APPICON_NAME = AppIcon;
				ASSETCATALOG_COMPILER_GLOBAL_ACCENT_COLOR_NAME = AccentColor;
				CODE_SIGN_STYLE = Automatic;
				CURRENT_PROJECT_VERSION = 1;
				DEVELOPMENT_TEAM = G3UA86558Q;
				GENERATE_INFOPLIST_FILE = YES;
				INFOPLIST_FILE = FirebaseChatApp/Info.plist;
				INFOPLIST_KEY_UIApplicationSupportsIndirectInputEvents = YES;
				INFOPLIST_KEY_UILaunchStoryboardName = LaunchScreen;
				INFOPLIST_KEY_UIMainStoryboardFile = Main;
				INFOPLIST_KEY_UISupportedInterfaceOrientations = UIInterfaceOrientationPortrait;
				INFOPLIST_KEY_UISupportedInterfaceOrientations_iPad = "UIInterfaceOrientationPortrait UIInterfaceOrientationPortraitUpsideDown UIInterfaceOrientationLandscapeLeft UIInterfaceOrientationLandscapeRight";
				INFOPLIST_KEY_UISupportedInterfaceOrientations_iPhone = "UIInterfaceOrientationPortrait UIInterfaceOrientationLandscapeLeft UIInterfaceOrientationLandscapeRight";
				LD_RUNPATH_SEARCH_PATHS = (
					"$(inherited)",
					"@executable_path/Frameworks",
				);
				MARKETING_VERSION = 1.0;
				PRODUCT_BUNDLE_IDENTIFIER = com.didik.FirebaseChatApp;
				PRODUCT_NAME = "$(TARGET_NAME)";
				SWIFT_EMIT_LOC_STRINGS = YES;
				SWIFT_VERSION = 5.0;
				TARGETED_DEVICE_FAMILY = "1,2";
			};
			name = Release;
		};
/* End XCBuildConfiguration section */

/* Begin XCConfigurationList section */
		9C248AA7289BB24B00B7D28C /* Build configuration list for PBXProject "FirebaseChatApp" */ = {
			isa = XCConfigurationList;
			buildConfigurations = (
				9C248ABE289BB24C00B7D28C /* Debug */,
				9C248ABF289BB24C00B7D28C /* Release */,
			);
			defaultConfigurationIsVisible = 0;
			defaultConfigurationName = Release;
		};
		9C248AC0289BB24C00B7D28C /* Build configuration list for PBXNativeTarget "FirebaseChatApp" */ = {
			isa = XCConfigurationList;
			buildConfigurations = (
				9C248AC1289BB24C00B7D28C /* Debug */,
				9C248AC2289BB24C00B7D28C /* Release */,
			);
			defaultConfigurationIsVisible = 0;
			defaultConfigurationName = Release;
		};
/* End XCConfigurationList section */
	};
	rootObject = 9C248AA4289BB24B00B7D28C /* Project object */;
}
